Microsoft Visual Studio Solution File, Format Version 11.00
# Visual Studio 2008

Project("{F1B1C520-8B18-1D1D-2CDB-4F7B8B6A1C1D}") = "PKBalpha", "Assembly-CSharp-firstpass-vs.csproj", "{C82555E0-0D0E-DD74-10E5-1DBCC0446E34}"
EndProject
Project("{F1B1C520-8B18-1D1D-2CDB-4F7B8B6A1C1D}") = "PKBalpha", "Assembly-CSharp-vs.csproj", "{41F44F72-B530-613F-0B50-5F12080679E5}"
EndProject
Project("{F1B1C520-8B18-1D1D-2CDB-4F7B8B6A1C1D}") = "PKBalpha", "Assembly-CSharp-Editor-vs.csproj", "{017176FB-0663-B8DD-CF79-3CDCA10CD94B}"
EndProject
Global
	GlobalSection(SolutionConfigurationPlatforms) = preSolution
		Debug|Any CPU = Debug|Any CPU
		Release|Any CPU = Release|Any CPU
	EndGlobalSection
	GlobalSection(ProjectConfigurationPlatforms) = postSolution
		{C82555E0-0D0E-DD74-10E5-1DBCC0446E34}.Debug|Any CPU.ActiveCfg = Debug|Any CPU
		{C82555E0-0D0E-DD74-10E5-1DBCC0446E34}.Debug|Any CPU.Build.0 = Debug|Any CPU
		{C82555E0-0D0E-DD74-10E5-1DBCC0446E34}.Release|Any CPU.ActiveCfg = Release|Any CPU
		{C82555E0-0D0E-DD74-10E5-1DBCC0446E34}.Release|Any CPU.Build.0 = Release|Any CPU
		{41F44F72-B530-613F-0B50-5F12080679E5}.Debug|Any CPU.ActiveCfg = Debug|Any CPU
		{41F44F72-B530-613F-0B50-5F12080679E5}.Debug|Any CPU.Build.0 = Debug|Any CPU
		{41F44F72-B530-613F-0B50-5F12080679E5}.Release|Any CPU.ActiveCfg = Release|Any CPU
		{41F44F72-B530-613F-0B50-5F12080679E5}.Release|Any CPU.Build.0 = Release|Any CPU
		{017176FB-0663-B8DD-CF79-3CDCA10CD94B}.Debug|Any CPU.ActiveCfg = Debug|Any CPU
		{017176FB-0663-B8DD-CF79-3CDCA10CD94B}.Debug|Any CPU.Build.0 = Debug|Any CPU
		{017176FB-0663-B8DD-CF79-3CDCA10CD94B}.Release|Any CPU.ActiveCfg = Release|Any CPU
		{017176FB-0663-B8DD-CF79-3CDCA10CD94B}.Release|Any CPU.Build.0 = Release|Any CPU
	EndGlobalSection
	GlobalSection(SolutionProperties) = preSolution
		HideSolutionNode = FALSE
	EndGlobalSection
																																																																																																																																																																																																																																																																																																																																																																																																																																																																																																																																																																								GlobalSection(MonoDevelopProperties) = preSolution
		StartupItem = Assembly-CSharp.csproj
		Policies = $0
		$0.TextStylePolicy = $1
		$1.inheritsSet = null
		$1.scope = text/x-csharp
		$0.CSharpFormattingPolicy = $2
		$2.inheritsSet = Mono
		$2.inheritsScope = text/x-csharp
		$2.scope = text/x-csharp
		$0.TextStylePolicy = $3
		$3.FileWidth = 120
		$3.EolMarker = Unix
		$3.inheritsSet = VisualStudio
		$3.inheritsScope = text/plain
		$3.scope = text/plain
		$0.DotNetNamingPolicy = $4
		$4.DirectoryNamespaceAssociation = None
		$4.ResourceNamePolicy = FileFormatDefault
	EndGlobalSection

EndGlobal
